
Microsoft Visual Studio Solution File, Format Version 12.00
# Visual Studio Version 17
VisualStudioVersion = 17.14.36327.8
MinimumVisualStudioVersion = 10.0.40219.1
Project("{8BC9CEB8-8B4A-11D0-8D11-00A0C91BC942}") = "ContactsDLL", "ContactsDLL\ContactsDLL.vcxproj", "{231597CB-DBE0-4E4B-A9F4-9CE49010D99B}"
EndProject
Project("{8BC9CEB8-8B4A-11D0-8D11-00A0C91BC942}") = "ContactsConsoleApp", "ContactsConsoleApp\ContactsConsoleApp.vcxproj", "{59968436-749C-4EFE-BB73-86DB07024BDA}"
EndProject
Global
	GlobalSection(SolutionConfigurationPlatforms) = preSolution
		Debug|x64 = Debug|x64
		Debug|x86 = Debug|x86
		Release|x64 = Release|x64
		Release|x86 = Release|x86
	EndGlobalSection
	GlobalSection(ProjectConfigurationPlatforms) = postSolution
		{231597CB-DBE0-4E4B-A9F4-9CE49010D99B}.Debug|x64.ActiveCfg = Debug|x64
		{231597CB-DBE0-4E4B-A9F4-9CE49010D99B}.Debug|x64.Build.0 = Debug|x64
		{231597CB-DBE0-4E4B-A9F4-9CE49010D99B}.Debug|x86.ActiveCfg = Debug|Win32
		{231597CB-DBE0-4E4B-A9F4-9CE49010D99B}.Debug|x86.Build.0 = Debug|Win32
		{231597CB-DBE0-4E4B-A9F4-9CE49010D99B}.Release|x64.ActiveCfg = Release|x64
		{231597CB-DBE0-4E4B-A9F4-9CE49010D99B}.Release|x64.Build.0 = Release|x64
		{231597CB-DBE0-4E4B-A9F4-9CE49010D99B}.Release|x86.ActiveCfg = Release|Win32
		{231597CB-DBE0-4E4B-A9F4-9CE49010D99B}.Release|x86.Build.0 = Release|Win32
		{59968436-749C-4EFE-BB73-86DB07024BDA}.Debug|x64.ActiveCfg = Debug|x64
		{59968436-749C-4EFE-BB73-86DB07024BDA}.Debug|x64.Build.0 = Debug|x64
		{59968436-749C-4EFE-BB73-86DB07024BDA}.Debug|x86.ActiveCfg = Debug|Win32
		{59968436-749C-4EFE-BB73-86DB07024BDA}.Debug|x86.Build.0 = Debug|Win32
		{59968436-749C-4EFE-BB73-86DB07024BDA}.Release|x64.ActiveCfg = Release|x64
		{59968436-749C-4EFE-BB73-86DB07024BDA}.Release|x64.Build.0 = Release|x64
		{59968436-749C-4EFE-BB73-86DB07024BDA}.Release|x86.ActiveCfg = Release|Win32
		{59968436-749C-4EFE-BB73-86DB07024BDA}.Release|x86.Build.0 = Release|Win32
	EndGlobalSection
	GlobalSection(SolutionProperties) = preSolution
		HideSolutionNode = FALSE
	EndGlobalSection
	GlobalSection(ExtensibilityGlobals) = postSolution
		SolutionGuid = {811FD3D9-2617-4068-998B-459A0042E263}
	EndGlobalSection
EndGlobal
